
Microsoft Visual Studio Solution File, Format Version 12.00
# Visual Studio 15
VisualStudioVersion = 15.0.28307.421
MinimumVisualStudioVersion = 10.0.40219.1
Project("{D2ABAB84-BF74-430A-B69E-9DC6D40DDA17}") = "STATS_PRAC_2", "STATS_PRAC_2\STATS_PRAC_2.dwproj", "{F0E9BCD0-A0EA-41CA-806E-DD97910D88B0}"
EndProject
Global
	GlobalSection(SolutionConfigurationPlatforms) = preSolution
		Development|Default = Development|Default
	EndGlobalSection
	GlobalSection(ProjectConfigurationPlatforms) = postSolution
		{F0E9BCD0-A0EA-41CA-806E-DD97910D88B0}.Development|Default.ActiveCfg = Development
		{F0E9BCD0-A0EA-41CA-806E-DD97910D88B0}.Development|Default.Build.0 = Development
		{F0E9BCD0-A0EA-41CA-806E-DD97910D88B0}.Development|Default.Deploy.0 = Development
	EndGlobalSection
	GlobalSection(SolutionProperties) = preSolution
		HideSolutionNode = FALSE
	EndGlobalSection
	GlobalSection(ExtensibilityGlobals) = postSolution
		SolutionGuid = {169479F4-3EC5-4F66-96BD-B959E645AD2B}
	EndGlobalSection
EndGlobal
